// !$*UTF8*$!
{
	archiveVersion = 1;
	classes = {
	};
	objectVersion = 55;
	objects = {

/* Begin PBXBuildFile section */
		8D9D4A8F284466EE002083E3 /* AppDelegate.swift in Sources */ = {isa = PBXBuildFile; fileRef = 8D9D4A8E284466EE002083E3 /* AppDelegate.swift */; };
		8D9D4A91284466EE002083E3 /* SceneDelegate.swift in Sources */ = {isa = PBXBuildFile; fileRef = 8D9D4A90284466EE002083E3 /* SceneDelegate.swift */; };
		8D9D4A93284466EE002083E3 /* WeatherListController.swift in Sources */ = {isa = PBXBuildFile; fileRef = 8D9D4A92284466EE002083E3 /* WeatherListController.swift */; };
		8D9D4A96284466EE002083E3 /* Main.storyboard in Resources */ = {isa = PBXBuildFile; fileRef = 8D9D4A94284466EE002083E3 /* Main.storyboard */; };
		8D9D4A98284466F1002083E3 /* Assets.xcassets in Resources */ = {isa = PBXBuildFile; fileRef = 8D9D4A97284466F1002083E3 /* Assets.xcassets */; };
		8D9D4A9B284466F1002083E3 /* LaunchScreen.storyboard in Resources */ = {isa = PBXBuildFile; fileRef = 8D9D4A99284466F1002083E3 /* LaunchScreen.storyboard */; };
		8D9D4AA428454ADC002083E3 /* AddWeatherCityViewController.swift in Sources */ = {isa = PBXBuildFile; fileRef = 8D9D4AA328454ADC002083E3 /* AddWeatherCityViewController.swift */; };
		8D9D4AA728454DD8002083E3 /* WeatherCell.swift in Sources */ = {isa = PBXBuildFile; fileRef = 8D9D4AA628454DD8002083E3 /* WeatherCell.swift */; };
		8D9D4AAA284558B1002083E3 /* WebService.swift in Sources */ = {isa = PBXBuildFile; fileRef = 8D9D4AA9284558B1002083E3 /* WebService.swift */; };
/* End PBXBuildFile section */

/* Begin PBXFileReference section */
		8D9D4A8B284466EE002083E3 /* GoodWeatherMVVM.app */ = {isa = PBXFileReference; explicitFileType = wrapper.application; includeInIndex = 0; path = GoodWeatherMVVM.app; sourceTree = BUILT_PRODUCTS_DIR; };
		8D9D4A8E284466EE002083E3 /* AppDelegate.swift */ = {isa = PBXFileReference; lastKnownFileType = sourcecode.swift; path = AppDelegate.swift; sourceTree = "<group>"; };
		8D9D4A90284466EE002083E3 /* SceneDelegate.swift */ = {isa = PBXFileReference; lastKnownFileType = sourcecode.swift; path = SceneDelegate.swift; sourceTree = "<group>"; };
		8D9D4A92284466EE002083E3 /* WeatherListController.swift */ = {isa = PBXFileReference; lastKnownFileType = sourcecode.swift; path = WeatherListController.swift; sourceTree = "<group>"; };
		8D9D4A95284466EE002083E3 /* Base */ = {isa = PBXFileReference; lastKnownFileType = file.storyboard; name = Base; path = Base.lproj/Main.storyboard; sourceTree = "<group>"; };
		8D9D4A97284466F1002083E3 /* Assets.xcassets */ = {isa = PBXFileReference; lastKnownFileType = folder.assetcatalog; path = Assets.xcassets; sourceTree = "<group>"; };
		8D9D4A9A284466F1002083E3 /* Base */ = {isa = PBXFileReference; lastKnownFileType = file.storyboard; name = Base; path = Base.lproj/LaunchScreen.storyboard; sourceTree = "<group>"; };
		8D9D4A9C284466F1002083E3 /* Info.plist */ = {isa = PBXFileReference; lastKnownFileType = text.plist.xml; path = Info.plist; sourceTree = "<group>"; };
		8D9D4AA328454ADC002083E3 /* AddWeatherCityViewController.swift */ = {isa = PBXFileReference; lastKnownFileType = sourcecode.swift; path = AddWeatherCityViewController.swift; sourceTree = "<group>"; };
		8D9D4AA628454DD8002083E3 /* WeatherCell.swift */ = {isa = PBXFileReference; lastKnownFileType = sourcecode.swift; path = WeatherCell.swift; sourceTree = "<group>"; };
		8D9D4AA9284558B1002083E3 /* WebService.swift */ = {isa = PBXFileReference; lastKnownFileType = sourcecode.swift; path = WebService.swift; sourceTree = "<group>"; };
/* End PBXFileReference section */

/* Begin PBXFrameworksBuildPhase section */
		8D9D4A88284466EE002083E3 /* Frameworks */ = {
			isa = PBXFrameworksBuildPhase;
			buildActionMask = 2147483647;
			files = (
			);
			runOnlyForDeploymentPostprocessing = 0;
		};
/* End PBXFrameworksBuildPhase section */

/* Begin PBXGroup section */
		8D9D4A82284466EE002083E3 = {
			isa = PBXGroup;
			children = (
				8D9D4A8D284466EE002083E3 /* GoodWeatherMVVM */,
				8D9D4A8C284466EE002083E3 /* Products */,
			);
			sourceTree = "<group>";
		};
		8D9D4A8C284466EE002083E3 /* Products */ = {
			isa = PBXGroup;
			children = (
				8D9D4A8B284466EE002083E3 /* GoodWeatherMVVM.app */,
			);
			name = Products;
			sourceTree = "<group>";
		};
		8D9D4A8D284466EE002083E3 /* GoodWeatherMVVM */ = {
			isa = PBXGroup;
			children = (
				8D9D4A8E284466EE002083E3 /* AppDelegate.swift */,
				8D9D4A90284466EE002083E3 /* SceneDelegate.swift */,
				8D9D4AA8284558A1002083E3 /* Network */,
				8D9D4AA528454DBC002083E3 /* View */,
				8D9D4AA228454A19002083E3 /* Controllers */,
				8D9D4A94284466EE002083E3 /* Main.storyboard */,
				8D9D4A97284466F1002083E3 /* Assets.xcassets */,
				8D9D4A99284466F1002083E3 /* LaunchScreen.storyboard */,
				8D9D4A9C284466F1002083E3 /* Info.plist */,
			);
			path = GoodWeatherMVVM;
			sourceTree = "<group>";
		};
		8D9D4AA228454A19002083E3 /* Controllers */ = {
			isa = PBXGroup;
			children = (
				8D9D4A92284466EE002083E3 /* WeatherListController.swift */,
				8D9D4AA328454ADC002083E3 /* AddWeatherCityViewController.swift */,
			);
			path = Controllers;
			sourceTree = "<group>";
		};
		8D9D4AA528454DBC002083E3 /* View */ = {
			isa = PBXGroup;
			children = (
				8D9D4AA628454DD8002083E3 /* WeatherCell.swift */,
			);
			path = View;
			sourceTree = "<group>";
		};
		8D9D4AA8284558A1002083E3 /* Network */ = {
			isa = PBXGroup;
			children = (
				8D9D4AA9284558B1002083E3 /* WebService.swift */,
			);
			path = Network;
			sourceTree = "<group>";
		};
/* End PBXGroup section */

/* Begin PBXNativeTarget section */
		8D9D4A8A284466EE002083E3 /* GoodWeatherMVVM */ = {
			isa = PBXNativeTarget;
			buildConfigurationList = 8D9D4A9F284466F1002083E3 /* Build configuration list for PBXNativeTarget "GoodWeatherMVVM" */;
			buildPhases = (
				8D9D4A87284466EE002083E3 /* Sources */,
				8D9D4A88284466EE002083E3 /* Frameworks */,
				8D9D4A89284466EE002083E3 /* Resources */,
			);
			buildRules = (
			);
			dependencies = (
			);
			name = GoodWeatherMVVM;
			productName = GoodWeatherMVVM;
			productReference = 8D9D4A8B284466EE002083E3 /* GoodWeatherMVVM.app */;
			productType = "com.apple.product-type.application";
		};
/* End PBXNativeTarget section */

/* Begin PBXProject section */
		8D9D4A83284466EE002083E3 /* Project object */ = {
			isa = PBXProject;
			attributes = {
				BuildIndependentTargetsInParallel = 1;
				LastSwiftUpdateCheck = 1340;
				LastUpgradeCheck = 1340;
				TargetAttributes = {
					8D9D4A8A284466EE002083E3 = {
						CreatedOnToolsVersion = 13.4;
					};
				};
			};
			buildConfigurationList = 8D9D4A86284466EE002083E3 /* Build configuration list for PBXProject "GoodWeatherMVVM" */;
			compatibilityVersion = "Xcode 13.0";
			developmentRegion = en;
			hasScannedForEncodings = 0;
			knownRegions = (
				en,
				Base,
			);
			mainGroup = 8D9D4A82284466EE002083E3;
			productRefGroup = 8D9D4A8C284466EE002083E3 /* Products */;
			projectDirPath = "";
			projectRoot = "";
			targets = (
				8D9D4A8A284466EE002083E3 /* GoodWeatherMVVM */,
			);
		};
/* End PBXProject section */

/* Begin PBXResourcesBuildPhase section */
		8D9D4A89284466EE002083E3 /* Resources */ = {
			isa = PBXResourcesBuildPhase;
			buildActionMask = 2147483647;
			files = (
				8D9D4A9B284466F1002083E3 /* LaunchScreen.storyboard in Resources */,
				8D9D4A98284466F1002083E3 /* Assets.xcassets in Resources */,
				8D9D4A96284466EE002083E3 /* Main.storyboard in Resources */,
			);
			runOnlyForDeploymentPostprocessing = 0;
		};
/* End PBXResourcesBuildPhase section */

/* Begin PBXSourcesBuildPhase section */
		8D9D4A87284466EE002083E3 /* Sources */ = {
			isa = PBXSourcesBuildPhase;
			buildActionMask = 2147483647;
			files = (
				8D9D4AAA284558B1002083E3 /* WebService.swift in Sources */,
				8D9D4A93284466EE002083E3 /* WeatherListController.swift in Sources */,
				8D9D4A8F284466EE002083E3 /* AppDelegate.swift in Sources */,
				8D9D4AA728454DD8002083E3 /* WeatherCell.swift in Sources */,
				8D9D4AA428454ADC002083E3 /* AddWeatherCityViewController.swift in Sources */,
				8D9D4A91284466EE002083E3 /* SceneDelegate.swift in Sources */,
			);
			runOnlyForDeploymentPostprocessing = 0;
		};
/* End PBXSourcesBuildPhase section */

/* Begin PBXVariantGroup section */
		8D9D4A94284466EE002083E3 /* Main.storyboard */ = {
			isa = PBXVariantGroup;
			children = (
				8D9D4A95284466EE002083E3 /* Base */,
			);
			name = Main.storyboard;
			sourceTree = "<group>";
		};
		8D9D4A99284466F1002083E3 /* LaunchScreen.storyboard */ = {
			isa = PBXVariantGroup;
			children = (
				8D9D4A9A284466F1002083E3 /* Base */,
			);
			name = LaunchScreen.storyboard;
			sourceTree = "<group>";
		};
/* End PBXVariantGroup section */

/* Begin XCBuildConfiguration section */
		8D9D4A9D284466F1002083E3 /* Debug */ = {
			isa = XCBuildConfiguration;
			buildSettings = {
				ALWAYS_SEARCH_USER_PATHS = NO;
				CLANG_ANALYZER_NONNULL = YES;
				CLANG_ANALYZER_NUMBER_OBJECT_CONVERSION = YES_AGGRESSIVE;
				CLANG_CXX_LANGUAGE_STANDARD = "gnu++17";
				CLANG_ENABLE_MODULES = YES;
				CLANG_ENABLE_OBJC_ARC = YES;
				CLANG_ENABLE_OBJC_WEAK = YES;
				CLANG_WARN_BLOCK_CAPTURE_AUTORELEASING = YES;
				CLANG_WARN_BOOL_CONVERSION = YES;
				CLANG_WARN_COMMA = YES;
				CLANG_WARN_CONSTANT_CONVERSION = YES;
				CLANG_WARN_DEPRECATED_OBJC_IMPLEMENTATIONS = YES;
				CLANG_WARN_DIRECT_OBJC_ISA_USAGE = YES_ERROR;
				CLANG_WARN_DOCUMENTATION_COMMENTS = YES;
				CLANG_WARN_EMPTY_BODY = YES;
				CLANG_WARN_ENUM_CONVERSION = YES;
				CLANG_WARN_INFINITE_RECURSION = YES;
				CLANG_WARN_INT_CONVERSION = YES;
				CLANG_WARN_NON_LITERAL_NULL_CONVERSION = YES;
				CLANG_WARN_OBJC_IMPLICIT_RETAIN_SELF = YES;
				CLANG_WARN_OBJC_LITERAL_CONVERSION = YES;
				CLANG_WARN_OBJC_ROOT_CLASS = YES_ERROR;
				CLANG_WARN_QUOTED_INCLUDE_IN_FRAMEWORK_HEADER = YES;
				CLANG_WARN_RANGE_LOOP_ANALYSIS = YES;
				CLANG_WARN_STRICT_PROTOTYPES = YES;
				CLANG_WARN_SUSPICIOUS_MOVE = YES;
				CLANG_WARN_UNGUARDED_AVAILABILITY = YES_AGGRESSIVE;
				CLANG_WARN_UNREACHABLE_CODE = YES;
				CLANG_WARN__DUPLICATE_METHOD_MATCH = YES;
				COPY_PHASE_STRIP = NO;
				DEBUG_INFORMATION_FORMAT = dwarf;
				ENABLE_STRICT_OBJC_MSGSEND = YES;
				ENABLE_TESTABILITY = YES;
				GCC_C_LANGUAGE_STANDARD = gnu11;
				GCC_DYNAMIC_NO_PIC = NO;
				GCC_NO_COMMON_BLOCKS = YES;
				GCC_OPTIMIZATION_LEVEL = 0;
				GCC_PREPROCESSOR_DEFINITIONS = (
					"DEBUG=1",
					"$(inherited)",
				);
				GCC_WARN_64_TO_32_BIT_CONVERSION = YES;
				GCC_WARN_ABOUT_RETURN_TYPE = YES_ERROR;
				GCC_WARN_UNDECLARED_SELECTOR = YES;
				GCC_WARN_UNINITIALIZED_AUTOS = YES_AGGRESSIVE;
				GCC_WARN_UNUSED_FUNCTION = YES;
				GCC_WARN_UNUSED_VARIABLE = YES;
				IPHONEOS_DEPLOYMENT_TARGET = 15.5;
				MTL_ENABLE_DEBUG_INFO = INCLUDE_SOURCE;
				MTL_FAST_MATH = YES;
				ONLY_ACTIVE_ARCH = YES;
				SDKROOT = iphoneos;
				SWIFT_ACTIVE_COMPILATION_CONDITIONS = DEBUG;
				SWIFT_OPTIMIZATION_LEVEL = "-Onone";
			};
			name = Debug;
		};
		8D9D4A9E284466F1002083E3 /* Release */ = {
			isa = XCBuildConfiguration;
			buildSettings = {
				ALWAYS_SEARCH_USER_PATHS = NO;
				CLANG_ANALYZER_NONNULL = YES;
				CLANG_ANALYZER_NUMBER_OBJECT_CONVERSION = YES_AGGRESSIVE;
				CLANG_CXX_LANGUAGE_STANDARD = "gnu++17";
				CLANG_ENABLE_MODULES = YES;
				CLANG_ENABLE_OBJC_ARC = YES;
				CLANG_ENABLE_OBJC_WEAK = YES;
				CLANG_WARN_BLOCK_CAPTURE_AUTORELEASING = YES;
				CLANG_WARN_BOOL_CONVERSION = YES;
				CLANG_WARN_COMMA = YES;
				CLANG_WARN_CONSTANT_CONVERSION = YES;
				CLANG_WARN_DEPRECATED_OBJC_IMPLEMENTATIONS = YES;
				CLANG_WARN_DIRECT_OBJC_ISA_USAGE = YES_ERROR;
				CLANG_WARN_DOCUMENTATION_COMMENTS = YES;
				CLANG_WARN_EMPTY_BODY = YES;
				CLANG_WARN_ENUM_CONVERSION = YES;
				CLANG_WARN_INFINITE_RECURSION = YES;
				CLANG_WARN_INT_CONVERSION = YES;
				CLANG_WARN_NON_LITERAL_NULL_CONVERSION = YES;
				CLANG_WARN_OBJC_IMPLICIT_RETAIN_SELF = YES;
				CLANG_WARN_OBJC_LITERAL_CONVERSION = YES;
				CLANG_WARN_OBJC_ROOT_CLASS = YES_ERROR;
				CLANG_WARN_QUOTED_INCLUDE_IN_FRAMEWORK_HEADER = YES;
				CLANG_WARN_RANGE_LOOP_ANALYSIS = YES;
				CLANG_WARN_STRICT_PROTOTYPES = YES;
				CLANG_WARN_SUSPICIOUS_MOVE = YES;
				CLANG_WARN_UNGUARDED_AVAILABILITY = YES_AGGRESSIVE;
				CLANG_WARN_UNREACHABLE_CODE = YES;
				CLANG_WARN__DUPLICATE_METHOD_MATCH = YES;
				COPY_PHASE_STRIP = NO;
				DEBUG_INFORMATION_FORMAT = "dwarf-with-dsym";
				ENABLE_NS_ASSERTIONS = NO;
				ENABLE_STRICT_OBJC_MSGSEND = YES;
				GCC_C_LANGUAGE_STANDARD = gnu11;
				GCC_NO_COMMON_BLOCKS = YES;
				GCC_WARN_64_TO_32_BIT_CONVERSION = YES;
				GCC_WARN_ABOUT_RETURN_TYPE = YES_ERROR;
				GCC_WARN_UNDECLARED_SELECTOR = YES;
				GCC_WARN_UNINITIALIZED_AUTOS = YES_AGGRESSIVE;
				GCC_WARN_UNUSED_FUNCTION = YES;
				GCC_WARN_UNUSED_VARIABLE = YES;
				IPHONEOS_DEPLOYMENT_TARGET = 15.5;
				MTL_ENABLE_DEBUG_INFO = NO;
				MTL_FAST_MATH = YES;
				SDKROOT = iphoneos;
				SWIFT_COMPILATION_MODE = wholemodule;
				SWIFT_OPTIMIZATION_LEVEL = "-O";
				VALIDATE_PRODUCT = YES;
			};
			name = Release;
		};
		8D9D4AA0284466F1002083E3 /* Debug */ = {
			isa = XCBuildConfiguration;
			buildSettings = {
				ASSETCATALOG_COMPILER_APPICON_NAME = AppIcon;
				ASSETCATALOG_COMPILER_GLOBAL_ACCENT_COLOR_NAME = AccentColor;
				CODE_SIGN_STYLE = Automatic;
				CURRENT_PROJECT_VERSION = 1;
				DEVELOPMENT_TEAM = 6DC9LP75VX;
				GENERATE_INFOPLIST_FILE = YES;
				INFOPLIST_FILE = GoodWeatherMVVM/Info.plist;
				INFOPLIST_KEY_UIApplicationSupportsIndirectInputEvents = YES;
				INFOPLIST_KEY_UILaunchStoryboardName = LaunchScreen;
				INFOPLIST_KEY_UIMainStoryboardFile = Main;
				INFOPLIST_KEY_UISupportedInterfaceOrientations_iPad = "UIInterfaceOrientationPortrait UIInterfaceOrientationPortraitUpsideDown UIInterfaceOrientationLandscapeLeft UIInterfaceOrientationLandscapeRight";
				INFOPLIST_KEY_UISupportedInterfaceOrientations_iPhone = "UIInterfaceOrientationPortrait UIInterfaceOrientationLandscapeLeft UIInterfaceOrientationLandscapeRight";
				LD_RUNPATH_SEARCH_PATHS = (
					"$(inherited)",
					"@executable_path/Frameworks",
				);
				MARKETING_VERSION = 1.0;
				PRODUCT_BUNDLE_IDENTIFIER = com.israman.GoodWeatherMVVM;
				PRODUCT_NAME = "$(TARGET_NAME)";
				SWIFT_EMIT_LOC_STRINGS = YES;
				SWIFT_VERSION = 5.0;
				TARGETED_DEVICE_FAMILY = "1,2";
			};
			name = Debug;
		};
		8D9D4AA1284466F1002083E3 /* Release */ = {
			isa = XCBuildConfiguration;
			buildSettings = {
				ASSETCATALOG_COMPILER_APPICON_NAME = AppIcon;
				ASSETCATALOG_COMPILER_GLOBAL_ACCENT_COLOR_NAME = AccentColor;
				CODE_SIGN_STYLE = Automatic;
				CURRENT_PROJECT_VERSION = 1;
				DEVELOPMENT_TEAM = 6DC9LP75VX;
				GENERATE_INFOPLIST_FILE = YES;
				INFOPLIST_FILE = GoodWeatherMVVM/Info.plist;
				INFOPLIST_KEY_UIApplicationSupportsIndirectInputEvents = YES;
				INFOPLIST_KEY_UILaunchStoryboardName = LaunchScreen;
				INFOPLIST_KEY_UIMainStoryboardFile = Main;
				INFOPLIST_KEY_UISupportedInterfaceOrientations_iPad = "UIInterfaceOrientationPortrait UIInterfaceOrientationPortraitUpsideDown UIInterfaceOrientationLandscapeLeft UIInterfaceOrientationLandscapeRight";
				INFOPLIST_KEY_UISupportedInterfaceOrientations_iPhone = "UIInterfaceOrientationPortrait UIInterfaceOrientationLandscapeLeft UIInterfaceOrientationLandscapeRight";
				LD_RUNPATH_SEARCH_PATHS = (
					"$(inherited)",
					"@executable_path/Frameworks",
				);
				MARKETING_VERSION = 1.0;
				PRODUCT_BUNDLE_IDENTIFIER = com.israman.GoodWeatherMVVM;
				PRODUCT_NAME = "$(TARGET_NAME)";
				SWIFT_EMIT_LOC_STRINGS = YES;
				SWIFT_VERSION = 5.0;
				TARGETED_DEVICE_FAMILY = "1,2";
			};
			name = Release;
		};
/* End XCBuildConfiguration section */

/* Begin XCConfigurationList section */
		8D9D4A86284466EE002083E3 /* Build configuration list for PBXProject "GoodWeatherMVVM" */ = {
			isa = XCConfigurationList;
			buildConfigurations = (
				8D9D4A9D284466F1002083E3 /* Debug */,
				8D9D4A9E284466F1002083E3 /* Release */,
			);
			defaultConfigurationIsVisible = 0;
			defaultConfigurationName = Release;
		};
		8D9D4A9F284466F1002083E3 /* Build configuration list for PBXNativeTarget "GoodWeatherMVVM" */ = {
			isa = XCConfigurationList;
			buildConfigurations = (
				8D9D4AA0284466F1002083E3 /* Debug */,
				8D9D4AA1284466F1002083E3 /* Release */,
			);
			defaultConfigurationIsVisible = 0;
			defaultConfigurationName = Release;
		};
/* End XCConfigurationList section */
	};
	rootObject = 8D9D4A83284466EE002083E3 /* Project object */;
}
